// !$*UTF8*$!
{
	archiveVersion = 1;
	classes = {
	};
	objectVersion = 55;
	objects = {

/* Begin PBXBuildFile section */
		D9E98934288B8E2300F0A7D4 /* Emoji_SharedApp.swift in Sources */ = {isa = PBXBuildFile; fileRef = D9E98933288B8E2300F0A7D4 /* Emoji_SharedApp.swift */; };
		D9E98936288B8E2300F0A7D4 /* ContentView.swift in Sources */ = {isa = PBXBuildFile; fileRef = D9E98935288B8E2300F0A7D4 /* ContentView.swift */; };
		D9E98938288B8E2500F0A7D4 /* Assets.xcassets in Resources */ = {isa = PBXBuildFile; fileRef = D9E98937288B8E2500F0A7D4 /* Assets.xcassets */; };
		D9E9893B288B8E2500F0A7D4 /* Preview Assets.xcassets in Resources */ = {isa = PBXBuildFile; fileRef = D9E9893A288B8E2500F0A7D4 /* Preview Assets.xcassets */; };
		D9E98945288B8E2500F0A7D4 /* Emoji_SharedTests.swift in Sources */ = {isa = PBXBuildFile; fileRef = D9E98944288B8E2500F0A7D4 /* Emoji_SharedTests.swift */; };
		D9E9894F288B8E2500F0A7D4 /* Emoji_SharedUITests.swift in Sources */ = {isa = PBXBuildFile; fileRef = D9E9894E288B8E2500F0A7D4 /* Emoji_SharedUITests.swift */; };
		D9E98951288B8E2500F0A7D4 /* Emoji_SharedUITestsLaunchTests.swift in Sources */ = {isa = PBXBuildFile; fileRef = D9E98950288B8E2500F0A7D4 /* Emoji_SharedUITestsLaunchTests.swift */; };
/* End PBXBuildFile section */

/* Begin PBXContainerItemProxy section */
		D9E98941288B8E2500F0A7D4 /* PBXContainerItemProxy */ = {
			isa = PBXContainerItemProxy;
			containerPortal = D9E98928288B8E2300F0A7D4 /* Project object */;
			proxyType = 1;
			remoteGlobalIDString = D9E9892F288B8E2300F0A7D4;
			remoteInfo = "Emoji Shared";
		};
		D9E9894B288B8E2500F0A7D4 /* PBXContainerItemProxy */ = {
			isa = PBXContainerItemProxy;
			containerPortal = D9E98928288B8E2300F0A7D4 /* Project object */;
			proxyType = 1;
			remoteGlobalIDString = D9E9892F288B8E2300F0A7D4;
			remoteInfo = "Emoji Shared";
		};
/* End PBXContainerItemProxy section */

/* Begin PBXFileReference section */
		D9E98930288B8E2300F0A7D4 /* Emoji Shared.app */ = {isa = PBXFileReference; explicitFileType = wrapper.application; includeInIndex = 0; path = "Emoji Shared.app"; sourceTree = BUILT_PRODUCTS_DIR; };
		D9E98933288B8E2300F0A7D4 /* Emoji_SharedApp.swift */ = {isa = PBXFileReference; lastKnownFileType = sourcecode.swift; path = Emoji_SharedApp.swift; sourceTree = "<group>"; };
		D9E98935288B8E2300F0A7D4 /* ContentView.swift */ = {isa = PBXFileReference; lastKnownFileType = sourcecode.swift; path = ContentView.swift; sourceTree = "<group>"; };
		D9E98937288B8E2500F0A7D4 /* Assets.xcassets */ = {isa = PBXFileReference; lastKnownFileType = folder.assetcatalog; path = Assets.xcassets; sourceTree = "<group>"; };
		D9E9893A288B8E2500F0A7D4 /* Preview Assets.xcassets */ = {isa = PBXFileReference; lastKnownFileType = folder.assetcatalog; path = "Preview Assets.xcassets"; sourceTree = "<group>"; };
		D9E98940288B8E2500F0A7D4 /* Emoji SharedTests.xctest */ = {isa = PBXFileReference; explicitFileType = wrapper.cfbundle; includeInIndex = 0; path = "Emoji SharedTests.xctest"; sourceTree = BUILT_PRODUCTS_DIR; };
		D9E98944288B8E2500F0A7D4 /* Emoji_SharedTests.swift */ = {isa = PBXFileReference; lastKnownFileType = sourcecode.swift; path = Emoji_SharedTests.swift; sourceTree = "<group>"; };
		D9E9894A288B8E2500F0A7D4 /* Emoji SharedUITests.xctest */ = {isa = PBXFileReference; explicitFileType = wrapper.cfbundle; includeInIndex = 0; path = "Emoji SharedUITests.xctest"; sourceTree = BUILT_PRODUCTS_DIR; };
		D9E9894E288B8E2500F0A7D4 /* Emoji_SharedUITests.swift */ = {isa = PBXFileReference; lastKnownFileType = sourcecode.swift; path = Emoji_SharedUITests.swift; sourceTree = "<group>"; };
		D9E98950288B8E2500F0A7D4 /* Emoji_SharedUITestsLaunchTests.swift */ = {isa = PBXFileReference; lastKnownFileType = sourcecode.swift; path = Emoji_SharedUITestsLaunchTests.swift; sourceTree = "<group>"; };
/* End PBXFileReference section */

/* Begin PBXFrameworksBuildPhase section */
		D9E9892D288B8E2300F0A7D4 /* Frameworks */ = {
			isa = PBXFrameworksBuildPhase;
			buildActionMask = 2147483647;
			files = (
			);
			runOnlyForDeploymentPostprocessing = 0;
		};
		D9E9893D288B8E2500F0A7D4 /* Frameworks */ = {
			isa = PBXFrameworksBuildPhase;
			buildActionMask = 2147483647;
			files = (
			);
			runOnlyForDeploymentPostprocessing = 0;
		};
		D9E98947288B8E2500F0A7D4 /* Frameworks */ = {
			isa = PBXFrameworksBuildPhase;
			buildActionMask = 2147483647;
			files = (
			);
			runOnlyForDeploymentPostprocessing = 0;
		};
/* End PBXFrameworksBuildPhase section */

/* Begin PBXGroup section */
		D9E98927288B8E2300F0A7D4 = {
			isa = PBXGroup;
			children = (
				D9E98932288B8E2300F0A7D4 /* Emoji Shared */,
				D9E98943288B8E2500F0A7D4 /* Emoji SharedTests */,
				D9E9894D288B8E2500F0A7D4 /* Emoji SharedUITests */,
				D9E98931288B8E2300F0A7D4 /* Products */,
			);
			sourceTree = "<group>";
		};
		D9E98931288B8E2300F0A7D4 /* Products */ = {
			isa = PBXGroup;
			children = (
				D9E98930288B8E2300F0A7D4 /* Emoji Shared.app */,
				D9E98940288B8E2500F0A7D4 /* Emoji SharedTests.xctest */,
				D9E9894A288B8E2500F0A7D4 /* Emoji SharedUITests.xctest */,
			);
			name = Products;
			sourceTree = "<group>";
		};
		D9E98932288B8E2300F0A7D4 /* Emoji Shared */ = {
			isa = PBXGroup;
			children = (
				D9E98933288B8E2300F0A7D4 /* Emoji_SharedApp.swift */,
				D9E98935288B8E2300F0A7D4 /* ContentView.swift */,
				D9E98937288B8E2500F0A7D4 /* Assets.xcassets */,
				D9E98939288B8E2500F0A7D4 /* Preview Content */,
			);
			path = "Emoji Shared";
			sourceTree = "<group>";
		};
		D9E98939288B8E2500F0A7D4 /* Preview Content */ = {
			isa = PBXGroup;
			children = (
				D9E9893A288B8E2500F0A7D4 /* Preview Assets.xcassets */,
			);
			path = "Preview Content";
			sourceTree = "<group>";
		};
		D9E98943288B8E2500F0A7D4 /* Emoji SharedTests */ = {
			isa = PBXGroup;
			children = (
				D9E98944288B8E2500F0A7D4 /* Emoji_SharedTests.swift */,
			);
			path = "Emoji SharedTests";
			sourceTree = "<group>";
		};
		D9E9894D288B8E2500F0A7D4 /* Emoji SharedUITests */ = {
			isa = PBXGroup;
			children = (
				D9E9894E288B8E2500F0A7D4 /* Emoji_SharedUITests.swift */,
				D9E98950288B8E2500F0A7D4 /* Emoji_SharedUITestsLaunchTests.swift */,
			);
			path = "Emoji SharedUITests";
			sourceTree = "<group>";
		};
/* End PBXGroup section */

/* Begin PBXNativeTarget section */
		D9E9892F288B8E2300F0A7D4 /* Emoji Shared */ = {
			isa = PBXNativeTarget;
			buildConfigurationList = D9E98954288B8E2500F0A7D4 /* Build configuration list for PBXNativeTarget "Emoji Shared" */;
			buildPhases = (
				D9E9892C288B8E2300F0A7D4 /* Sources */,
				D9E9892D288B8E2300F0A7D4 /* Frameworks */,
				D9E9892E288B8E2300F0A7D4 /* Resources */,
			);
			buildRules = (
			);
			dependencies = (
			);
			name = "Emoji Shared";
			productName = "Emoji Shared";
			productReference = D9E98930288B8E2300F0A7D4 /* Emoji Shared.app */;
			productType = "com.apple.product-type.application";
		};
		D9E9893F288B8E2500F0A7D4 /* Emoji SharedTests */ = {
			isa = PBXNativeTarget;
			buildConfigurationList = D9E98957288B8E2500F0A7D4 /* Build configuration list for PBXNativeTarget "Emoji SharedTests" */;
			buildPhases = (
				D9E9893C288B8E2500F0A7D4 /* Sources */,
				D9E9893D288B8E2500F0A7D4 /* Frameworks */,
				D9E9893E288B8E2500F0A7D4 /* Resources */,
			);
			buildRules = (
			);
			dependencies = (
				D9E98942288B8E2500F0A7D4 /* PBXTargetDependency */,
			);
			name = "Emoji SharedTests";
			productName = "Emoji SharedTests";
			productReference = D9E98940288B8E2500F0A7D4 /* Emoji SharedTests.xctest */;
			productType = "com.apple.product-type.bundle.unit-test";
		};
		D9E98949288B8E2500F0A7D4 /* Emoji SharedUITests */ = {
			isa = PBXNativeTarget;
			buildConfigurationList = D9E9895A288B8E2500F0A7D4 /* Build configuration list for PBXNativeTarget "Emoji SharedUITests" */;
			buildPhases = (
				D9E98946288B8E2500F0A7D4 /* Sources */,
				D9E98947288B8E2500F0A7D4 /* Frameworks */,
				D9E98948288B8E2500F0A7D4 /* Resources */,
			);
			buildRules = (
			);
			dependencies = (
				D9E9894C288B8E2500F0A7D4 /* PBXTargetDependency */,
			);
			name = "Emoji SharedUITests";
			productName = "Emoji SharedUITests";
			productReference = D9E9894A288B8E2500F0A7D4 /* Emoji SharedUITests.xctest */;
			productType = "com.apple.product-type.bundle.ui-testing";
		};
/* End PBXNativeTarget section */

/* Begin PBXProject section */
		D9E98928288B8E2300F0A7D4 /* Project object */ = {
			isa = PBXProject;
			attributes = {
				BuildIndependentTargetsInParallel = 1;
				LastSwiftUpdateCheck = 1330;
				LastUpgradeCheck = 1330;
				TargetAttributes = {
					D9E9892F288B8E2300F0A7D4 = {
						CreatedOnToolsVersion = 13.3;
					};
					D9E9893F288B8E2500F0A7D4 = {
						CreatedOnToolsVersion = 13.3;
						TestTargetID = D9E9892F288B8E2300F0A7D4;
					};
					D9E98949288B8E2500F0A7D4 = {
						CreatedOnToolsVersion = 13.3;
						TestTargetID = D9E9892F288B8E2300F0A7D4;
					};
				};
			};
			buildConfigurationList = D9E9892B288B8E2300F0A7D4 /* Build configuration list for PBXProject "Emoji Shared" */;
			compatibilityVersion = "Xcode 13.0";
			developmentRegion = en;
			hasScannedForEncodings = 0;
			knownRegions = (
				en,
				Base,
			);
			mainGroup = D9E98927288B8E2300F0A7D4;
			productRefGroup = D9E98931288B8E2300F0A7D4 /* Products */;
			projectDirPath = "";
			projectRoot = "";
			targets = (
				D9E9892F288B8E2300F0A7D4 /* Emoji Shared */,
				D9E9893F288B8E2500F0A7D4 /* Emoji SharedTests */,
				D9E98949288B8E2500F0A7D4 /* Emoji SharedUITests */,
			);
		};
/* End PBXProject section */

/* Begin PBXResourcesBuildPhase section */
		D9E9892E288B8E2300F0A7D4 /* Resources */ = {
			isa = PBXResourcesBuildPhase;
			buildActionMask = 2147483647;
			files = (
				D9E9893B288B8E2500F0A7D4 /* Preview Assets.xcassets in Resources */,
				D9E98938288B8E2500F0A7D4 /* Assets.xcassets in Resources */,
			);
			runOnlyForDeploymentPostprocessing = 0;
		};
		D9E9893E288B8E2500F0A7D4 /* Resources */ = {
			isa = PBXResourcesBuildPhase;
			buildActionMask = 2147483647;
			files = (
			);
			runOnlyForDeploymentPostprocessing = 0;
		};
		D9E98948288B8E2500F0A7D4 /* Resources */ = {
			isa = PBXResourcesBuildPhase;
			buildActionMask = 2147483647;
			files = (
			);
			runOnlyForDeploymentPostprocessing = 0;
		};
/* End PBXResourcesBuildPhase section */

/* Begin PBXSourcesBuildPhase section */
		D9E9892C288B8E2300F0A7D4 /* Sources */ = {
			isa = PBXSourcesBuildPhase;
			buildActionMask = 2147483647;
			files = (
				D9E98936288B8E2300F0A7D4 /* ContentView.swift in Sources */,
				D9E98934288B8E2300F0A7D4 /* Emoji_SharedApp.swift in Sources */,
			);
			runOnlyForDeploymentPostprocessing = 0;
		};
		D9E9893C288B8E2500F0A7D4 /* Sources */ = {
			isa = PBXSourcesBuildPhase;
			buildActionMask = 2147483647;
			files = (
				D9E98945288B8E2500F0A7D4 /* Emoji_SharedTests.swift in Sources */,
			);
			runOnlyForDeploymentPostprocessing = 0;
		};
		D9E98946288B8E2500F0A7D4 /* Sources */ = {
			isa = PBXSourcesBuildPhase;
			buildActionMask = 2147483647;
			files = (
				D9E98951288B8E2500F0A7D4 /* Emoji_SharedUITestsLaunchTests.swift in Sources */,
				D9E9894F288B8E2500F0A7D4 /* Emoji_SharedUITests.swift in Sources */,
			);
			runOnlyForDeploymentPostprocessing = 0;
		};
/* End PBXSourcesBuildPhase section */

/* Begin PBXTargetDependency section */
		D9E98942288B8E2500F0A7D4 /* PBXTargetDependency */ = {
			isa = PBXTargetDependency;
			target = D9E9892F288B8E2300F0A7D4 /* Emoji Shared */;
			targetProxy = D9E98941288B8E2500F0A7D4 /* PBXContainerItemProxy */;
		};
		D9E9894C288B8E2500F0A7D4 /* PBXTargetDependency */ = {
			isa = PBXTargetDependency;
			target = D9E9892F288B8E2300F0A7D4 /* Emoji Shared */;
			targetProxy = D9E9894B288B8E2500F0A7D4 /* PBXContainerItemProxy */;
		};
/* End PBXTargetDependency section */

/* Begin XCBuildConfiguration section */
		D9E98952288B8E2500F0A7D4 /* Debug */ = {
			isa = XCBuildConfiguration;
			buildSettings = {
				ALWAYS_SEARCH_USER_PATHS = NO;
				CLANG_ANALYZER_NONNULL = YES;
				CLANG_ANALYZER_NUMBER_OBJECT_CONVERSION = YES_AGGRESSIVE;
				CLANG_CXX_LANGUAGE_STANDARD = "gnu++17";
				CLANG_ENABLE_MODULES = YES;
				CLANG_ENABLE_OBJC_ARC = YES;
				CLANG_ENABLE_OBJC_WEAK = YES;
				CLANG_WARN_BLOCK_CAPTURE_AUTORELEASING = YES;
				CLANG_WARN_BOOL_CONVERSION = YES;
				CLANG_WARN_COMMA = YES;
				CLANG_WARN_CONSTANT_CONVERSION = YES;
				CLANG_WARN_DEPRECATED_OBJC_IMPLEMENTATIONS = YES;
				CLANG_WARN_DIRECT_OBJC_ISA_USAGE = YES_ERROR;
				CLANG_WARN_DOCUMENTATION_COMMENTS = YES;
				CLANG_WARN_EMPTY_BODY = YES;
				CLANG_WARN_ENUM_CONVERSION = YES;
				CLANG_WARN_INFINITE_RECURSION = YES;
				CLANG_WARN_INT_CONVERSION = YES;
				CLANG_WARN_NON_LITERAL_NULL_CONVERSION = YES;
				CLANG_WARN_OBJC_IMPLICIT_RETAIN_SELF = YES;
				CLANG_WARN_OBJC_LITERAL_CONVERSION = YES;
				CLANG_WARN_OBJC_ROOT_CLASS = YES_ERROR;
				CLANG_WARN_QUOTED_INCLUDE_IN_FRAMEWORK_HEADER = YES;
				CLANG_WARN_RANGE_LOOP_ANALYSIS = YES;
				CLANG_WARN_STRICT_PROTOTYPES = YES;
				CLANG_WARN_SUSPICIOUS_MOVE = YES;
				CLANG_WARN_UNGUARDED_AVAILABILITY = YES_AGGRESSIVE;
				CLANG_WARN_UNREACHABLE_CODE = YES;
				CLANG_WARN__DUPLICATE_METHOD_MATCH = YES;
				COPY_PHASE_STRIP = NO;
				DEBUG_INFORMATION_FORMAT = dwarf;
				ENABLE_STRICT_OBJC_MSGSEND = YES;
				ENABLE_TESTABILITY = YES;
				GCC_C_LANGUAGE_STANDARD = gnu11;
				GCC_DYNAMIC_NO_PIC = NO;
				GCC_NO_COMMON_BLOCKS = YES;
				GCC_OPTIMIZATION_LEVEL = 0;
				GCC_PREPROCESSOR_DEFINITIONS = (
					"DEBUG=1",
					"$(inherited)",
				);
				GCC_WARN_64_TO_32_BIT_CONVERSION = YES;
				GCC_WARN_ABOUT_RETURN_TYPE = YES_ERROR;
				GCC_WARN_UNDECLARED_SELECTOR = YES;
				GCC_WARN_UNINITIALIZED_AUTOS = YES_AGGRESSIVE;
				GCC_WARN_UNUSED_FUNCTION = YES;
				GCC_WARN_UNUSED_VARIABLE = YES;
				IPHONEOS_DEPLOYMENT_TARGET = 15.4;
				MTL_ENABLE_DEBUG_INFO = INCLUDE_SOURCE;
				MTL_FAST_MATH = YES;
				ONLY_ACTIVE_ARCH = YES;
				SDKROOT = iphoneos;
				SWIFT_ACTIVE_COMPILATION_CONDITIONS = DEBUG;
				SWIFT_OPTIMIZATION_LEVEL = "-Onone";
			};
			name = Debug;
		};
		D9E98953288B8E2500F0A7D4 /* Release */ = {
			isa = XCBuildConfiguration;
			buildSettings = {
				ALWAYS_SEARCH_USER_PATHS = NO;
				CLANG_ANALYZER_NONNULL = YES;
				CLANG_ANALYZER_NUMBER_OBJECT_CONVERSION = YES_AGGRESSIVE;
				CLANG_CXX_LANGUAGE_STANDARD = "gnu++17";
				CLANG_ENABLE_MODULES = YES;
				CLANG_ENABLE_OBJC_ARC = YES;
				CLANG_ENABLE_OBJC_WEAK = YES;
				CLANG_WARN_BLOCK_CAPTURE_AUTORELEASING = YES;
				CLANG_WARN_BOOL_CONVERSION = YES;
				CLANG_WARN_COMMA = YES;
				CLANG_WARN_CONSTANT_CONVERSION = YES;
				CLANG_WARN_DEPRECATED_OBJC_IMPLEMENTATIONS = YES;
				CLANG_WARN_DIRECT_OBJC_ISA_USAGE = YES_ERROR;
				CLANG_WARN_DOCUMENTATION_COMMENTS = YES;
				CLANG_WARN_EMPTY_BODY = YES;
				CLANG_WARN_ENUM_CONVERSION = YES;
				CLANG_WARN_INFINITE_RECURSION = YES;
				CLANG_WARN_INT_CONVERSION = YES;
				CLANG_WARN_NON_LITERAL_NULL_CONVERSION = YES;
				CLANG_WARN_OBJC_IMPLICIT_RETAIN_SELF = YES;
				CLANG_WARN_OBJC_LITERAL_CONVERSION = YES;
				CLANG_WARN_OBJC_ROOT_CLASS = YES_ERROR;
				CLANG_WARN_QUOTED_INCLUDE_IN_FRAMEWORK_HEADER = YES;
				CLANG_WARN_RANGE_LOOP_ANALYSIS = YES;
				CLANG_WARN_STRICT_PROTOTYPES = YES;
				CLANG_WARN_SUSPICIOUS_MOVE = YES;
				CLANG_WARN_UNGUARDED_AVAILABILITY = YES_AGGRESSIVE;
				CLANG_WARN_UNREACHABLE_CODE = YES;
				CLANG_WARN__DUPLICATE_METHOD_MATCH = YES;
				COPY_PHASE_STRIP = NO;
				DEBUG_INFORMATION_FORMAT = "dwarf-with-dsym";
				ENABLE_NS_ASSERTIONS = NO;
				ENABLE_STRICT_OBJC_MSGSEND = YES;
				GCC_C_LANGUAGE_STANDARD = gnu11;
				GCC_NO_COMMON_BLOCKS = YES;
				GCC_WARN_64_TO_32_BIT_CONVERSION = YES;
				GCC_WARN_ABOUT_RETURN_TYPE = YES_ERROR;
				GCC_WARN_UNDECLARED_SELECTOR = YES;
				GCC_WARN_UNINITIALIZED_AUTOS = YES_AGGRESSIVE;
				GCC_WARN_UNUSED_FUNCTION = YES;
				GCC_WARN_UNUSED_VARIABLE = YES;
				IPHONEOS_DEPLOYMENT_TARGET = 15.4;
				MTL_ENABLE_DEBUG_INFO = NO;
				MTL_FAST_MATH = YES;
				SDKROOT = iphoneos;
				SWIFT_COMPILATION_MODE = wholemodule;
				SWIFT_OPTIMIZATION_LEVEL = "-O";
				VALIDATE_PRODUCT = YES;
			};
			name = Release;
		};
		D9E98955288B8E2500F0A7D4 /* Debug */ = {
			isa = XCBuildConfiguration;
			buildSettings = {
				ASSETCATALOG_COMPILER_APPICON_NAME = AppIcon;
				ASSETCATALOG_COMPILER_GLOBAL_ACCENT_COLOR_NAME = AccentColor;
				CODE_SIGN_STYLE = Automatic;
				CURRENT_PROJECT_VERSION = 1;
				DEVELOPMENT_ASSET_PATHS = "\"Emoji Shared/Preview Content\"";
				ENABLE_PREVIEWS = YES;
				GENERATE_INFOPLIST_FILE = YES;
				INFOPLIST_KEY_UIApplicationSceneManifest_Generation = YES;
				INFOPLIST_KEY_UIApplicationSupportsIndirectInputEvents = YES;
				INFOPLIST_KEY_UILaunchScreen_Generation = YES;
				INFOPLIST_KEY_UISupportedInterfaceOrientations_iPad = "UIInterfaceOrientationPortrait UIInterfaceOrientationPortraitUpsideDown UIInterfaceOrientationLandscapeLeft UIInterfaceOrientationLandscapeRight";
				INFOPLIST_KEY_UISupportedInterfaceOrientations_iPhone = "UIInterfaceOrientationPortrait UIInterfaceOrientationLandscapeLeft UIInterfaceOrientationLandscapeRight";
				LD_RUNPATH_SEARCH_PATHS = (
					"$(inherited)",
					"@executable_path/Frameworks",
				);
				MARKETING_VERSION = 1.0;
				PRODUCT_BUNDLE_IDENTIFIER = "com.wonho.Emoji-Shared";
				PRODUCT_NAME = "$(TARGET_NAME)";
				SWIFT_EMIT_LOC_STRINGS = YES;
				SWIFT_VERSION = 5.0;
				TARGETED_DEVICE_FAMILY = "1,2";
			};
			name = Debug;
		};
		D9E98956288B8E2500F0A7D4 /* Release */ = {
			isa = XCBuildConfiguration;
			buildSettings = {
				ASSETCATALOG_COMPILER_APPICON_NAME = AppIcon;
				ASSETCATALOG_COMPILER_GLOBAL_ACCENT_COLOR_NAME = AccentColor;
				CODE_SIGN_STYLE = Automatic;
				CURRENT_PROJECT_VERSION = 1;
				DEVELOPMENT_ASSET_PATHS = "\"Emoji Shared/Preview Content\"";
				ENABLE_PREVIEWS = YES;
				GENERATE_INFOPLIST_FILE = YES;
				INFOPLIST_KEY_UIApplicationSceneManifest_Generation = YES;
				INFOPLIST_KEY_UIApplicationSupportsIndirectInputEvents = YES;
				INFOPLIST_KEY_UILaunchScreen_Generation = YES;
				INFOPLIST_KEY_UISupportedInterfaceOrientations_iPad = "UIInterfaceOrientationPortrait UIInterfaceOrientationPortraitUpsideDown UIInterfaceOrientationLandscapeLeft UIInterfaceOrientationLandscapeRight";
				INFOPLIST_KEY_UISupportedInterfaceOrientations_iPhone = "UIInterfaceOrientationPortrait UIInterfaceOrientationLandscapeLeft UIInterfaceOrientationLandscapeRight";
				LD_RUNPATH_SEARCH_PATHS = (
					"$(inherited)",
					"@executable_path/Frameworks",
				);
				MARKETING_VERSION = 1.0;
				PRODUCT_BUNDLE_IDENTIFIER = "com.wonho.Emoji-Shared";
				PRODUCT_NAME = "$(TARGET_NAME)";
				SWIFT_EMIT_LOC_STRINGS = YES;
				SWIFT_VERSION = 5.0;
				TARGETED_DEVICE_FAMILY = "1,2";
			};
			name = Release;
		};
		D9E98958288B8E2500F0A7D4 /* Debug */ = {
			isa = XCBuildConfiguration;
			buildSettings = {
				ALWAYS_EMBED_SWIFT_STANDARD_LIBRARIES = YES;
				BUNDLE_LOADER = "$(TEST_HOST)";
				CODE_SIGN_STYLE = Automatic;
				CURRENT_PROJECT_VERSION = 1;
				GENERATE_INFOPLIST_FILE = YES;
				IPHONEOS_DEPLOYMENT_TARGET = 15.4;
				MARKETING_VERSION = 1.0;
				PRODUCT_BUNDLE_IDENTIFIER = "com.wonho.Emoji-SharedTests";
				PRODUCT_NAME = "$(TARGET_NAME)";
				SWIFT_EMIT_LOC_STRINGS = NO;
				SWIFT_VERSION = 5.0;
				TARGETED_DEVICE_FAMILY = "1,2";
				TEST_HOST = "$(BUILT_PRODUCTS_DIR)/Emoji Shared.app/Emoji Shared";
			};
			name = Debug;
		};
		D9E98959288B8E2500F0A7D4 /* Release */ = {
			isa = XCBuildConfiguration;
			buildSettings = {
				ALWAYS_EMBED_SWIFT_STANDARD_LIBRARIES = YES;
				BUNDLE_LOADER = "$(TEST_HOST)";
				CODE_SIGN_STYLE = Automatic;
				CURRENT_PROJECT_VERSION = 1;
				GENERATE_INFOPLIST_FILE = YES;
				IPHONEOS_DEPLOYMENT_TARGET = 15.4;
				MARKETING_VERSION = 1.0;
				PRODUCT_BUNDLE_IDENTIFIER = "com.wonho.Emoji-SharedTests";
				PRODUCT_NAME = "$(TARGET_NAME)";
				SWIFT_EMIT_LOC_STRINGS = NO;
				SWIFT_VERSION = 5.0;
				TARGETED_DEVICE_FAMILY = "1,2";
				TEST_HOST = "$(BUILT_PRODUCTS_DIR)/Emoji Shared.app/Emoji Shared";
			};
			name = Release;
		};
		D9E9895B288B8E2500F0A7D4 /* Debug */ = {
			isa = XCBuildConfiguration;
			buildSettings = {
				ALWAYS_EMBED_SWIFT_STANDARD_LIBRARIES = YES;
				CODE_SIGN_STYLE = Automatic;
				CURRENT_PROJECT_VERSION = 1;
				GENERATE_INFOPLIST_FILE = YES;
				MARKETING_VERSION = 1.0;
				PRODUCT_BUNDLE_IDENTIFIER = "com.wonho.Emoji-SharedUITests";
				PRODUCT_NAME = "$(TARGET_NAME)";
				SWIFT_EMIT_LOC_STRINGS = NO;
				SWIFT_VERSION = 5.0;
				TARGETED_DEVICE_FAMILY = "1,2";
				TEST_TARGET_NAME = "Emoji Shared";
			};
			name = Debug;
		};
		D9E9895C288B8E2500F0A7D4 /* Release */ = {
			isa = XCBuildConfiguration;
			buildSettings = {
				ALWAYS_EMBED_SWIFT_STANDARD_LIBRARIES = YES;
				CODE_SIGN_STYLE = Automatic;
				CURRENT_PROJECT_VERSION = 1;
				GENERATE_INFOPLIST_FILE = YES;
				MARKETING_VERSION = 1.0;
				PRODUCT_BUNDLE_IDENTIFIER = "com.wonho.Emoji-SharedUITests";
				PRODUCT_NAME = "$(TARGET_NAME)";
				SWIFT_EMIT_LOC_STRINGS = NO;
				SWIFT_VERSION = 5.0;
				TARGETED_DEVICE_FAMILY = "1,2";
				TEST_TARGET_NAME = "Emoji Shared";
			};
			name = Release;
		};
/* End XCBuildConfiguration section */

/* Begin XCConfigurationList section */
		D9E9892B288B8E2300F0A7D4 /* Build configuration list for PBXProject "Emoji Shared" */ = {
			isa = XCConfigurationList;
			buildConfigurations = (
				D9E98952288B8E2500F0A7D4 /* Debug */,
				D9E98953288B8E2500F0A7D4 /* Release */,
			);
			defaultConfigurationIsVisible = 0;
			defaultConfigurationName = Release;
		};
		D9E98954288B8E2500F0A7D4 /* Build configuration list for PBXNativeTarget "Emoji Shared" */ = {
			isa = XCConfigurationList;
			buildConfigurations = (
				D9E98955288B8E2500F0A7D4 /* Debug */,
				D9E98956288B8E2500F0A7D4 /* Release */,
			);
			defaultConfigurationIsVisible = 0;
			defaultConfigurationName = Release;
		};
		D9E98957288B8E2500F0A7D4 /* Build configuration list for PBXNativeTarget "Emoji SharedTests" */ = {
			isa = XCConfigurationList;
			buildConfigurations = (
				D9E98958288B8E2500F0A7D4 /* Debug */,
				D9E98959288B8E2500F0A7D4 /* Release */,
			);
			defaultConfigurationIsVisible = 0;
			defaultConfigurationName = Release;
		};
		D9E9895A288B8E2500F0A7D4 /* Build configuration list for PBXNativeTarget "Emoji SharedUITests" */ = {
			isa = XCConfigurationList;
			buildConfigurations = (
				D9E9895B288B8E2500F0A7D4 /* Debug */,
				D9E9895C288B8E2500F0A7D4 /* Release */,
			);
			defaultConfigurationIsVisible = 0;
			defaultConfigurationName = Release;
		};
/* End XCConfigurationList section */
	};
	rootObject = D9E98928288B8E2300F0A7D4 /* Project object */;
}
